
Microsoft Visual Studio Solution File, Format Version 12.00
# Visual Studio 15
VisualStudioVersion = 15.0.28010.2026
MinimumVisualStudioVersion = 10.0.40219.1
Project("{9A19103F-16F7-4668-BE54-9A1E7A4F7556}") = "ExceptionAPI", "ExceptionAPI\ExceptionAPI.csproj", "{C41FCEF7-C3B4-4F73-A290-3B24AF977559}"
EndProject
Project("{FAE04EC0-301F-11D3-BF4B-00C04F79EFBC}") = "ExceptionAPITest", "ExceptionAPITest\ExceptionAPITest.csproj", "{E24C152C-E0EF-4183-873A-D5B02C2EC5B5}"
EndProject
Global
	GlobalSection(SolutionConfigurationPlatforms) = preSolution
		Debug|Any CPU = Debug|Any CPU
		Release|Any CPU = Release|Any CPU
	EndGlobalSection
	GlobalSection(ProjectConfigurationPlatforms) = postSolution
		{C41FCEF7-C3B4-4F73-A290-3B24AF977559}.Debug|Any CPU.ActiveCfg = Debug|Any CPU
		{C41FCEF7-C3B4-4F73-A290-3B24AF977559}.Debug|Any CPU.Build.0 = Debug|Any CPU
		{C41FCEF7-C3B4-4F73-A290-3B24AF977559}.Release|Any CPU.ActiveCfg = Release|Any CPU
		{C41FCEF7-C3B4-4F73-A290-3B24AF977559}.Release|Any CPU.Build.0 = Release|Any CPU
		{E24C152C-E0EF-4183-873A-D5B02C2EC5B5}.Debug|Any CPU.ActiveCfg = Debug|Any CPU
		{E24C152C-E0EF-4183-873A-D5B02C2EC5B5}.Debug|Any CPU.Build.0 = Debug|Any CPU
		{E24C152C-E0EF-4183-873A-D5B02C2EC5B5}.Release|Any CPU.ActiveCfg = Release|Any CPU
		{E24C152C-E0EF-4183-873A-D5B02C2EC5B5}.Release|Any CPU.Build.0 = Release|Any CPU
	EndGlobalSection
	GlobalSection(SolutionProperties) = preSolution
		HideSolutionNode = FALSE
	EndGlobalSection
	GlobalSection(ExtensibilityGlobals) = postSolution
		SolutionGuid = {ABD96134-1D06-4E2D-8F67-FAD4D7CC47CF}
	EndGlobalSection
EndGlobal
